
Microsoft Visual Studio Solution File, Format Version 12.00
# Visual Studio 15
VisualStudioVersion = 15.0.27004.2005
MinimumVisualStudioVersion = 10.0.40219.1
Project("{9A19103F-16F7-4668-BE54-9A1E7A4F7556}") = "Messaging", "src\Messaging\Messaging.csproj", "{03EDD6E7-6557-40D5-9E69-76611B7BA166}"
EndProject
Project("{9A19103F-16F7-4668-BE54-9A1E7A4F7556}") = "Serialization", "src\Serialization\Serialization.csproj", "{8EB8BD70-CDE9-4E23-AB78-18DA5F7120B1}"
EndProject
Project("{9A19103F-16F7-4668-BE54-9A1E7A4F7556}") = "Serialization.Protobuf", "src\Serialization.Protobuf\Serialization.Protobuf.csproj", "{ADB04CF3-B489-4312-B906-2E8D955982CD}"
EndProject
Project("{9A19103F-16F7-4668-BE54-9A1E7A4F7556}") = "Serialization.Json", "src\Serialization.Json\Serialization.Json.csproj", "{87AE904D-349B-4DDA-9BA2-4DF53B537997}"
EndProject
Project("{9A19103F-16F7-4668-BE54-9A1E7A4F7556}") = "Messaging.Redis", "src\Messaging.Redis\Messaging.Redis.csproj", "{4EE8170E-788C-4278-8F6F-AE4508D142AF}"
EndProject
Project("{2150E333-8FDC-42A3-9474-1A3956D46DE8}") = "src", "src", "{FD29A32D-EE38-4C99-B172-8F830AEE3E07}"
EndProject
Project("{2150E333-8FDC-42A3-9474-1A3956D46DE8}") = "sample", "sample", "{4E92BAA4-3800-4290-BB6E-752437B37031}"
EndProject
Project("{9A19103F-16F7-4668-BE54-9A1E7A4F7556}") = "Messaging.Sample.Redis", "sample\Messaging.Sample.Redis\Messaging.Sample.Redis.csproj", "{B39705C8-9935-4C92-A263-384CBCF02A07}"
EndProject
Project("{9A19103F-16F7-4668-BE54-9A1E7A4F7556}") = "Messaging.DependencyInjection.Serialization.Protobuf", "src\Messaging.DependencyInjection.Serialization.Protobuf\Messaging.DependencyInjection.Serialization.Protobuf.csproj", "{4A3E9B29-7E05-4FAB-8119-30A02A11F2FE}"
EndProject
Project("{9A19103F-16F7-4668-BE54-9A1E7A4F7556}") = "Messaging.DependencyInjection.Serialization.Json", "src\Messaging.DependencyInjection.Serialization.Json\Messaging.DependencyInjection.Serialization.Json.csproj", "{762CA555-B41D-4D5C-8F37-E377F2F09350}"
EndProject
Project("{9A19103F-16F7-4668-BE54-9A1E7A4F7556}") = "Messaging.DependencyInjection.Redis", "src\Messaging.DependencyInjection.Redis\Messaging.DependencyInjection.Redis.csproj", "{EA53999C-7D07-40DF-9856-FD1F1678608A}"
EndProject
Project("{9A19103F-16F7-4668-BE54-9A1E7A4F7556}") = "Messaging.All", "src\Messaging.All\Messaging.All.csproj", "{8DB7B4D7-C8B9-456C-84FD-E587179587D3}"
EndProject
Project("{9A19103F-16F7-4668-BE54-9A1E7A4F7556}") = "Messaging.DependencyInjection", "src\Messaging.DependencyInjection\Messaging.DependencyInjection.csproj", "{52726801-8081-4301-9A61-921F9805A849}"
EndProject
Project("{2150E333-8FDC-42A3-9474-1A3956D46DE8}") = "Solution Items", "Solution Items", "{4F495D2F-83E8-4BC6-88B5-404C3EC8D914}"
	ProjectSection(SolutionItems) = preProject
		.gitignore = .gitignore
		global.json = global.json
		README.md = README.md
	EndProjectSection
EndProject
Project("{9A19103F-16F7-4668-BE54-9A1E7A4F7556}") = "Messaging.Kafka", "src\Messaging.Kafka\Messaging.Kafka.csproj", "{745A2B08-2F4E-411A-BC19-282C16E3EA87}"
EndProject
Project("{9A19103F-16F7-4668-BE54-9A1E7A4F7556}") = "Messaging.Sample.Kafka", "sample\Messaging.Sample.Kafka\Messaging.Sample.Kafka.csproj", "{D3D111B4-A66D-43AA-8957-38BC398B3CF1}"
EndProject
Project("{9A19103F-16F7-4668-BE54-9A1E7A4F7556}") = "Messaging.Sample", "sample\Messaging.Sample\Messaging.Sample.csproj", "{BC1A55D9-7CD1-477A-A261-F0FCB81351FE}"
EndProject
Project("{9A19103F-16F7-4668-BE54-9A1E7A4F7556}") = "Messaging.DependencyInjection.Kafka", "src\Messaging.DependencyInjection.Kafka\Messaging.DependencyInjection.Kafka.csproj", "{AE407398-3513-455A-B0E5-A386F64C41B5}"
EndProject
Global
	GlobalSection(SolutionConfigurationPlatforms) = preSolution
		Debug|Any CPU = Debug|Any CPU
		Release|Any CPU = Release|Any CPU
	EndGlobalSection
	GlobalSection(ProjectConfigurationPlatforms) = postSolution
		{03EDD6E7-6557-40D5-9E69-76611B7BA166}.Debug|Any CPU.ActiveCfg = Debug|Any CPU
		{03EDD6E7-6557-40D5-9E69-76611B7BA166}.Debug|Any CPU.Build.0 = Debug|Any CPU
		{03EDD6E7-6557-40D5-9E69-76611B7BA166}.Release|Any CPU.ActiveCfg = Release|Any CPU
		{03EDD6E7-6557-40D5-9E69-76611B7BA166}.Release|Any CPU.Build.0 = Release|Any CPU
		{8EB8BD70-CDE9-4E23-AB78-18DA5F7120B1}.Debug|Any CPU.ActiveCfg = Debug|Any CPU
		{8EB8BD70-CDE9-4E23-AB78-18DA5F7120B1}.Debug|Any CPU.Build.0 = Debug|Any CPU
		{8EB8BD70-CDE9-4E23-AB78-18DA5F7120B1}.Release|Any CPU.ActiveCfg = Release|Any CPU
		{8EB8BD70-CDE9-4E23-AB78-18DA5F7120B1}.Release|Any CPU.Build.0 = Release|Any CPU
		{ADB04CF3-B489-4312-B906-2E8D955982CD}.Debug|Any CPU.ActiveCfg = Debug|Any CPU
		{ADB04CF3-B489-4312-B906-2E8D955982CD}.Debug|Any CPU.Build.0 = Debug|Any CPU
		{ADB04CF3-B489-4312-B906-2E8D955982CD}.Release|Any CPU.ActiveCfg = Release|Any CPU
		{ADB04CF3-B489-4312-B906-2E8D955982CD}.Release|Any CPU.Build.0 = Release|Any CPU
		{87AE904D-349B-4DDA-9BA2-4DF53B537997}.Debug|Any CPU.ActiveCfg = Debug|Any CPU
		{87AE904D-349B-4DDA-9BA2-4DF53B537997}.Debug|Any CPU.Build.0 = Debug|Any CPU
		{87AE904D-349B-4DDA-9BA2-4DF53B537997}.Release|Any CPU.ActiveCfg = Release|Any CPU
		{87AE904D-349B-4DDA-9BA2-4DF53B537997}.Release|Any CPU.Build.0 = Release|Any CPU
		{4EE8170E-788C-4278-8F6F-AE4508D142AF}.Debug|Any CPU.ActiveCfg = Debug|Any CPU
		{4EE8170E-788C-4278-8F6F-AE4508D142AF}.Debug|Any CPU.Build.0 = Debug|Any CPU
		{4EE8170E-788C-4278-8F6F-AE4508D142AF}.Release|Any CPU.ActiveCfg = Release|Any CPU
		{4EE8170E-788C-4278-8F6F-AE4508D142AF}.Release|Any CPU.Build.0 = Release|Any CPU
		{B39705C8-9935-4C92-A263-384CBCF02A07}.Debug|Any CPU.ActiveCfg = Debug|Any CPU
		{B39705C8-9935-4C92-A263-384CBCF02A07}.Debug|Any CPU.Build.0 = Debug|Any CPU
		{B39705C8-9935-4C92-A263-384CBCF02A07}.Release|Any CPU.ActiveCfg = Release|Any CPU
		{B39705C8-9935-4C92-A263-384CBCF02A07}.Release|Any CPU.Build.0 = Release|Any CPU
		{4A3E9B29-7E05-4FAB-8119-30A02A11F2FE}.Debug|Any CPU.ActiveCfg = Debug|Any CPU
		{4A3E9B29-7E05-4FAB-8119-30A02A11F2FE}.Debug|Any CPU.Build.0 = Debug|Any CPU
		{4A3E9B29-7E05-4FAB-8119-30A02A11F2FE}.Release|Any CPU.ActiveCfg = Release|Any CPU
		{4A3E9B29-7E05-4FAB-8119-30A02A11F2FE}.Release|Any CPU.Build.0 = Release|Any CPU
		{762CA555-B41D-4D5C-8F37-E377F2F09350}.Debug|Any CPU.ActiveCfg = Debug|Any CPU
		{762CA555-B41D-4D5C-8F37-E377F2F09350}.Debug|Any CPU.Build.0 = Debug|Any CPU
		{762CA555-B41D-4D5C-8F37-E377F2F09350}.Release|Any CPU.ActiveCfg = Release|Any CPU
		{762CA555-B41D-4D5C-8F37-E377F2F09350}.Release|Any CPU.Build.0 = Release|Any CPU
		{EA53999C-7D07-40DF-9856-FD1F1678608A}.Debug|Any CPU.ActiveCfg = Debug|Any CPU
		{EA53999C-7D07-40DF-9856-FD1F1678608A}.Debug|Any CPU.Build.0 = Debug|Any CPU
		{EA53999C-7D07-40DF-9856-FD1F1678608A}.Release|Any CPU.ActiveCfg = Release|Any CPU
		{EA53999C-7D07-40DF-9856-FD1F1678608A}.Release|Any CPU.Build.0 = Release|Any CPU
		{8DB7B4D7-C8B9-456C-84FD-E587179587D3}.Debug|Any CPU.ActiveCfg = Debug|Any CPU
		{8DB7B4D7-C8B9-456C-84FD-E587179587D3}.Debug|Any CPU.Build.0 = Debug|Any CPU
		{8DB7B4D7-C8B9-456C-84FD-E587179587D3}.Release|Any CPU.ActiveCfg = Release|Any CPU
		{8DB7B4D7-C8B9-456C-84FD-E587179587D3}.Release|Any CPU.Build.0 = Release|Any CPU
		{52726801-8081-4301-9A61-921F9805A849}.Debug|Any CPU.ActiveCfg = Debug|Any CPU
		{52726801-8081-4301-9A61-921F9805A849}.Debug|Any CPU.Build.0 = Debug|Any CPU
		{52726801-8081-4301-9A61-921F9805A849}.Release|Any CPU.ActiveCfg = Release|Any CPU
		{52726801-8081-4301-9A61-921F9805A849}.Release|Any CPU.Build.0 = Release|Any CPU
		{745A2B08-2F4E-411A-BC19-282C16E3EA87}.Debug|Any CPU.ActiveCfg = Debug|Any CPU
		{745A2B08-2F4E-411A-BC19-282C16E3EA87}.Debug|Any CPU.Build.0 = Debug|Any CPU
		{745A2B08-2F4E-411A-BC19-282C16E3EA87}.Release|Any CPU.ActiveCfg = Release|Any CPU
		{745A2B08-2F4E-411A-BC19-282C16E3EA87}.Release|Any CPU.Build.0 = Release|Any CPU
		{D3D111B4-A66D-43AA-8957-38BC398B3CF1}.Debug|Any CPU.ActiveCfg = Debug|Any CPU
		{D3D111B4-A66D-43AA-8957-38BC398B3CF1}.Debug|Any CPU.Build.0 = Debug|Any CPU
		{D3D111B4-A66D-43AA-8957-38BC398B3CF1}.Release|Any CPU.ActiveCfg = Release|Any CPU
		{D3D111B4-A66D-43AA-8957-38BC398B3CF1}.Release|Any CPU.Build.0 = Release|Any CPU
		{BC1A55D9-7CD1-477A-A261-F0FCB81351FE}.Debug|Any CPU.ActiveCfg = Debug|Any CPU
		{BC1A55D9-7CD1-477A-A261-F0FCB81351FE}.Debug|Any CPU.Build.0 = Debug|Any CPU
		{BC1A55D9-7CD1-477A-A261-F0FCB81351FE}.Release|Any CPU.ActiveCfg = Release|Any CPU
		{BC1A55D9-7CD1-477A-A261-F0FCB81351FE}.Release|Any CPU.Build.0 = Release|Any CPU
		{AE407398-3513-455A-B0E5-A386F64C41B5}.Debug|Any CPU.ActiveCfg = Debug|Any CPU
		{AE407398-3513-455A-B0E5-A386F64C41B5}.Debug|Any CPU.Build.0 = Debug|Any CPU
		{AE407398-3513-455A-B0E5-A386F64C41B5}.Release|Any CPU.ActiveCfg = Release|Any CPU
		{AE407398-3513-455A-B0E5-A386F64C41B5}.Release|Any CPU.Build.0 = Release|Any CPU
	EndGlobalSection
	GlobalSection(SolutionProperties) = preSolution
		HideSolutionNode = FALSE
	EndGlobalSection
	GlobalSection(NestedProjects) = preSolution
		{03EDD6E7-6557-40D5-9E69-76611B7BA166} = {FD29A32D-EE38-4C99-B172-8F830AEE3E07}
		{8EB8BD70-CDE9-4E23-AB78-18DA5F7120B1} = {FD29A32D-EE38-4C99-B172-8F830AEE3E07}
		{ADB04CF3-B489-4312-B906-2E8D955982CD} = {FD29A32D-EE38-4C99-B172-8F830AEE3E07}
		{87AE904D-349B-4DDA-9BA2-4DF53B537997} = {FD29A32D-EE38-4C99-B172-8F830AEE3E07}
		{4EE8170E-788C-4278-8F6F-AE4508D142AF} = {FD29A32D-EE38-4C99-B172-8F830AEE3E07}
		{B39705C8-9935-4C92-A263-384CBCF02A07} = {4E92BAA4-3800-4290-BB6E-752437B37031}
		{4A3E9B29-7E05-4FAB-8119-30A02A11F2FE} = {FD29A32D-EE38-4C99-B172-8F830AEE3E07}
		{762CA555-B41D-4D5C-8F37-E377F2F09350} = {FD29A32D-EE38-4C99-B172-8F830AEE3E07}
		{EA53999C-7D07-40DF-9856-FD1F1678608A} = {FD29A32D-EE38-4C99-B172-8F830AEE3E07}
		{8DB7B4D7-C8B9-456C-84FD-E587179587D3} = {FD29A32D-EE38-4C99-B172-8F830AEE3E07}
		{52726801-8081-4301-9A61-921F9805A849} = {FD29A32D-EE38-4C99-B172-8F830AEE3E07}
		{745A2B08-2F4E-411A-BC19-282C16E3EA87} = {FD29A32D-EE38-4C99-B172-8F830AEE3E07}
		{D3D111B4-A66D-43AA-8957-38BC398B3CF1} = {4E92BAA4-3800-4290-BB6E-752437B37031}
		{BC1A55D9-7CD1-477A-A261-F0FCB81351FE} = {4E92BAA4-3800-4290-BB6E-752437B37031}
		{AE407398-3513-455A-B0E5-A386F64C41B5} = {FD29A32D-EE38-4C99-B172-8F830AEE3E07}
	EndGlobalSection
	GlobalSection(ExtensibilityGlobals) = postSolution
		SolutionGuid = {ECC8E5D6-3F47-4B40-A007-E12C770C9F45}
	EndGlobalSection
EndGlobal
